
Microsoft Visual Studio Solution File, Format Version 12.00
# Visual Studio Version 16
VisualStudioVersion = 16.0.30330.147
MinimumVisualStudioVersion = 10.0.40219.1
Project("{FAE04EC0-301F-11D3-BF4B-00C04F79EFBC}") = "T1907M_NXH", "T1907M_NXH\T1907M_NXH.csproj", "{7B0FC6EC-2C0B-4DE6-81A7-E14CAC309ED8}"
EndProject
Project("{FAE04EC0-301F-11D3-BF4B-00C04F79EFBC}") = "xBindingDataExample", "xBindingDataExample\xBindingDataExample.csproj", "{CB95F22E-562A-4884-9678-A8A894EB1A8D}"
EndProject
Global
	GlobalSection(SolutionConfigurationPlatforms) = preSolution
		Debug|ARM = Debug|ARM
		Debug|ARM64 = Debug|ARM64
		Debug|x64 = Debug|x64
		Debug|x86 = Debug|x86
		Release|ARM = Release|ARM
		Release|ARM64 = Release|ARM64
		Release|x64 = Release|x64
		Release|x86 = Release|x86
	EndGlobalSection
	GlobalSection(ProjectConfigurationPlatforms) = postSolution
		{7B0FC6EC-2C0B-4DE6-81A7-E14CAC309ED8}.Debug|ARM.ActiveCfg = Debug|ARM
		{7B0FC6EC-2C0B-4DE6-81A7-E14CAC309ED8}.Debug|ARM.Build.0 = Debug|ARM
		{7B0FC6EC-2C0B-4DE6-81A7-E14CAC309ED8}.Debug|ARM.Deploy.0 = Debug|ARM
		{7B0FC6EC-2C0B-4DE6-81A7-E14CAC309ED8}.Debug|ARM64.ActiveCfg = Debug|ARM64
		{7B0FC6EC-2C0B-4DE6-81A7-E14CAC309ED8}.Debug|ARM64.Build.0 = Debug|ARM64
		{7B0FC6EC-2C0B-4DE6-81A7-E14CAC309ED8}.Debug|ARM64.Deploy.0 = Debug|ARM64
		{7B0FC6EC-2C0B-4DE6-81A7-E14CAC309ED8}.Debug|x64.ActiveCfg = Debug|x64
		{7B0FC6EC-2C0B-4DE6-81A7-E14CAC309ED8}.Debug|x64.Build.0 = Debug|x64
		{7B0FC6EC-2C0B-4DE6-81A7-E14CAC309ED8}.Debug|x64.Deploy.0 = Debug|x64
		{7B0FC6EC-2C0B-4DE6-81A7-E14CAC309ED8}.Debug|x86.ActiveCfg = Debug|x86
		{7B0FC6EC-2C0B-4DE6-81A7-E14CAC309ED8}.Debug|x86.Build.0 = Debug|x86
		{7B0FC6EC-2C0B-4DE6-81A7-E14CAC309ED8}.Debug|x86.Deploy.0 = Debug|x86
		{7B0FC6EC-2C0B-4DE6-81A7-E14CAC309ED8}.Release|ARM.ActiveCfg = Release|ARM
		{7B0FC6EC-2C0B-4DE6-81A7-E14CAC309ED8}.Release|ARM.Build.0 = Release|ARM
		{7B0FC6EC-2C0B-4DE6-81A7-E14CAC309ED8}.Release|ARM.Deploy.0 = Release|ARM
		{7B0FC6EC-2C0B-4DE6-81A7-E14CAC309ED8}.Release|ARM64.ActiveCfg = Release|ARM64
		{7B0FC6EC-2C0B-4DE6-81A7-E14CAC309ED8}.Release|ARM64.Build.0 = Release|ARM64
		{7B0FC6EC-2C0B-4DE6-81A7-E14CAC309ED8}.Release|ARM64.Deploy.0 = Release|ARM64
		{7B0FC6EC-2C0B-4DE6-81A7-E14CAC309ED8}.Release|x64.ActiveCfg = Release|x64
		{7B0FC6EC-2C0B-4DE6-81A7-E14CAC309ED8}.Release|x64.Build.0 = Release|x64
		{7B0FC6EC-2C0B-4DE6-81A7-E14CAC309ED8}.Release|x64.Deploy.0 = Release|x64
		{7B0FC6EC-2C0B-4DE6-81A7-E14CAC309ED8}.Release|x86.ActiveCfg = Release|x86
		{7B0FC6EC-2C0B-4DE6-81A7-E14CAC309ED8}.Release|x86.Build.0 = Release|x86
		{7B0FC6EC-2C0B-4DE6-81A7-E14CAC309ED8}.Release|x86.Deploy.0 = Release|x86
		{CB95F22E-562A-4884-9678-A8A894EB1A8D}.Debug|ARM.ActiveCfg = Debug|ARM
		{CB95F22E-562A-4884-9678-A8A894EB1A8D}.Debug|ARM.Build.0 = Debug|ARM
		{CB95F22E-562A-4884-9678-A8A894EB1A8D}.Debug|ARM.Deploy.0 = Debug|ARM
		{CB95F22E-562A-4884-9678-A8A894EB1A8D}.Debug|ARM64.ActiveCfg = Debug|ARM64
		{CB95F22E-562A-4884-9678-A8A894EB1A8D}.Debug|ARM64.Build.0 = Debug|ARM64
		{CB95F22E-562A-4884-9678-A8A894EB1A8D}.Debug|ARM64.Deploy.0 = Debug|ARM64
		{CB95F22E-562A-4884-9678-A8A894EB1A8D}.Debug|x64.ActiveCfg = Debug|x64
		{CB95F22E-562A-4884-9678-A8A894EB1A8D}.Debug|x64.Build.0 = Debug|x64
		{CB95F22E-562A-4884-9678-A8A894EB1A8D}.Debug|x64.Deploy.0 = Debug|x64
		{CB95F22E-562A-4884-9678-A8A894EB1A8D}.Debug|x86.ActiveCfg = Debug|x86
		{CB95F22E-562A-4884-9678-A8A894EB1A8D}.Debug|x86.Build.0 = Debug|x86
		{CB95F22E-562A-4884-9678-A8A894EB1A8D}.Debug|x86.Deploy.0 = Debug|x86
		{CB95F22E-562A-4884-9678-A8A894EB1A8D}.Release|ARM.ActiveCfg = Release|ARM
		{CB95F22E-562A-4884-9678-A8A894EB1A8D}.Release|ARM.Build.0 = Release|ARM
		{CB95F22E-562A-4884-9678-A8A894EB1A8D}.Release|ARM.Deploy.0 = Release|ARM
		{CB95F22E-562A-4884-9678-A8A894EB1A8D}.Release|ARM64.ActiveCfg = Release|ARM64
		{CB95F22E-562A-4884-9678-A8A894EB1A8D}.Release|ARM64.Build.0 = Release|ARM64
		{CB95F22E-562A-4884-9678-A8A894EB1A8D}.Release|ARM64.Deploy.0 = Release|ARM64
		{CB95F22E-562A-4884-9678-A8A894EB1A8D}.Release|x64.ActiveCfg = Release|x64
		{CB95F22E-562A-4884-9678-A8A894EB1A8D}.Release|x64.Build.0 = Release|x64
		{CB95F22E-562A-4884-9678-A8A894EB1A8D}.Release|x64.Deploy.0 = Release|x64
		{CB95F22E-562A-4884-9678-A8A894EB1A8D}.Release|x86.ActiveCfg = Release|x86
		{CB95F22E-562A-4884-9678-A8A894EB1A8D}.Release|x86.Build.0 = Release|x86
		{CB95F22E-562A-4884-9678-A8A894EB1A8D}.Release|x86.Deploy.0 = Release|x86
	EndGlobalSection
	GlobalSection(SolutionProperties) = preSolution
		HideSolutionNode = FALSE
	EndGlobalSection
	GlobalSection(ExtensibilityGlobals) = postSolution
		SolutionGuid = {5AB556C1-B23F-4356-B7D2-47081D5DE6E1}
	EndGlobalSection
EndGlobal
